
Microsoft Visual Studio Solution File, Format Version 12.00
# Visual Studio Version 17
VisualStudioVersion = 17.7.34221.43
MinimumVisualStudioVersion = 10.0.40219.1
Project("{FAE04EC0-301F-11D3-BF4B-00C04F79EFBC}") = "AnalogUhr_Tacho", "AnalogUhr_Tacho\AnalogUhr_Tacho.csproj", "{97FA7DB5-611A-4D71-85CC-966B8A663D5B}"
EndProject
Global
	GlobalSection(SolutionConfigurationPlatforms) = preSolution
		Debug|Any CPU = Debug|Any CPU
		Release|Any CPU = Release|Any CPU
	EndGlobalSection
	GlobalSection(ProjectConfigurationPlatforms) = postSolution
		{97FA7DB5-611A-4D71-85CC-966B8A663D5B}.Debug|Any CPU.ActiveCfg = Debug|Any CPU
		{97FA7DB5-611A-4D71-85CC-966B8A663D5B}.Debug|Any CPU.Build.0 = Debug|Any CPU
		{97FA7DB5-611A-4D71-85CC-966B8A663D5B}.Release|Any CPU.ActiveCfg = Release|Any CPU
		{97FA7DB5-611A-4D71-85CC-966B8A663D5B}.Release|Any CPU.Build.0 = Release|Any CPU
	EndGlobalSection
	GlobalSection(SolutionProperties) = preSolution
		HideSolutionNode = FALSE
	EndGlobalSection
	GlobalSection(ExtensibilityGlobals) = postSolution
		SolutionGuid = {8C5C97B4-461A-4501-8326-EDD5C6FBDF88}
	EndGlobalSection
EndGlobal
